
Microsoft Visual Studio Solution File, Format Version 12.00
# Visual Studio Version 16
VisualStudioVersion = 16.0.29424.173
MinimumVisualStudioVersion = 10.0.40219.1
Project("{FAE04EC0-301F-11D3-BF4B-00C04F79EFBC}") = "DataTable.UI", "DataTable.UI\DataTable.UI.csproj", "{225E4D63-CE14-44DD-AF0F-DC0E22999F04}"
EndProject
Project("{FAE04EC0-301F-11D3-BF4B-00C04F79EFBC}") = "DataTable.Test", "DataTable.Test\DataTable.Test.csproj", "{A96337B5-AAFF-4567-BBFF-78246449152A}"
EndProject
Global
	GlobalSection(SolutionConfigurationPlatforms) = preSolution
		Debug|Any CPU = Debug|Any CPU
		Release|Any CPU = Release|Any CPU
	EndGlobalSection
	GlobalSection(ProjectConfigurationPlatforms) = postSolution
		{225E4D63-CE14-44DD-AF0F-DC0E22999F04}.Debug|Any CPU.ActiveCfg = Debug|Any CPU
		{225E4D63-CE14-44DD-AF0F-DC0E22999F04}.Debug|Any CPU.Build.0 = Debug|Any CPU
		{225E4D63-CE14-44DD-AF0F-DC0E22999F04}.Release|Any CPU.ActiveCfg = Release|Any CPU
		{225E4D63-CE14-44DD-AF0F-DC0E22999F04}.Release|Any CPU.Build.0 = Release|Any CPU
		{A96337B5-AAFF-4567-BBFF-78246449152A}.Debug|Any CPU.ActiveCfg = Debug|Any CPU
		{A96337B5-AAFF-4567-BBFF-78246449152A}.Debug|Any CPU.Build.0 = Debug|Any CPU
		{A96337B5-AAFF-4567-BBFF-78246449152A}.Release|Any CPU.ActiveCfg = Release|Any CPU
		{A96337B5-AAFF-4567-BBFF-78246449152A}.Release|Any CPU.Build.0 = Release|Any CPU
	EndGlobalSection
	GlobalSection(SolutionProperties) = preSolution
		HideSolutionNode = FALSE
	EndGlobalSection
	GlobalSection(ExtensibilityGlobals) = postSolution
		SolutionGuid = {E7182A86-551C-4AE1-BE26-CFB825501C76}
	EndGlobalSection
EndGlobal
